github.com/confluentinc/confluent-kafka-go/v2 v2.15.1 h1:zqKvZk3Ay68ya4hnImXecb55T579qI1x7ozaHcCL+AY=
github.com/confluentinc/confluent-kafka-go/v2 v2.15.1/go.mod h1:Jb4/23G4BMIa8vrwtoKx5bdk2h0eUYHbXC45m1FuOXI=
github.com/sirupsen/logrus v1.10.2 h1:G2SED73/qrAu6YwbdxOD6peLkCBI3z7L+ykJFTXJBBo=
github.com/sirupsen/logrus v1.10.2/go.mod h1:SLEg8TqYulVKKfIGHldVp2K2aYz2DKSVBq4g/H5bR7Q=
golang.org/x/sys v0.46.0 h1:noSf2Fq6F8DBgS+LysIkx7rIExoNHJsxOAtPp4rthXw=
golang.org/x/sys v0.46.0/go.mod h1:4GL1E5IUh+htKOUEOaiffhrAeqysfVGipDYzABqnCmw=
